
Microsoft Visual Studio Solution File, Format Version 12.00
Project("{FAE04EC0-301F-11D3-BF4B-00C04F79EFBC}") = "Prodromoi.DbManager", "Prodromoi.DbManager\Prodromoi.DbManager.csproj", "{D5CA7206-584B-4B50-8EE8-3EF83A6FE03E}"
EndProject
Project("{FAE04EC0-301F-11D3-BF4B-00C04F79EFBC}") = "Prodromoi.DomainModel", "Prodromoi.DomainModel\Prodromoi.DomainModel.csproj", "{1B4B1C34-A45C-44F3-A14C-04A27F792B26}"
EndProject
Project("{FAE04EC0-301F-11D3-BF4B-00C04F79EFBC}") = "Prodromoi.Core", "Prodromoi.Core\Prodromoi.Core.csproj", "{9F14BE0B-D7D9-438F-A49D-A4B1260B76EF}"
EndProject
Project("{2150E333-8FDC-42A3-9474-1A3956D46DE8}") = "Infrastructure", "Infrastructure", "{624AF939-A57F-458E-92CE-9D303D2C9026}"
EndProject
Project("{FAE04EC0-301F-11D3-BF4B-00C04F79EFBC}") = "Prodromoi.Dto", "Prodromoi.Dto\Prodromoi.Dto.csproj", "{60C30E6B-DEBF-4F47-8284-8DD12025375E}"
EndProject
Project("{FAE04EC0-301F-11D3-BF4B-00C04F79EFBC}") = "Prodromoi.Service", "Prodromoi.Service\Prodromoi.Service.csproj", "{F4CDC6B4-0781-48CC-A89A-34721F1B508D}"
EndProject
Project("{FAE04EC0-301F-11D3-BF4B-00C04F79EFBC}") = "Prodromoi.Persistence", "Prodromoi.Persistence\Prodromoi.Persistence.csproj", "{35C21D04-899D-445D-916D-3D678CE81175}"
EndProject
Project("{FAE04EC0-301F-11D3-BF4B-00C04F79EFBC}") = "Prodromoi.Api", "Prodromoi.Api\Prodromoi.Api.csproj", "{87B53DF7-9FC1-419E-A75C-4D7CA36049F8}"
EndProject
Project("{2150E333-8FDC-42A3-9474-1A3956D46DE8}") = "Applications", "Applications", "{85ED2555-5EB1-4E7F-9A7E-DE10A32C93A9}"
EndProject
Project("{2150E333-8FDC-42A3-9474-1A3956D46DE8}") = "Architecture", "Architecture", "{A86EA3D7-1829-4571-A5B8-F811300339FF}"
EndProject
Global
	GlobalSection(SolutionConfigurationPlatforms) = preSolution
		Debug|Any CPU = Debug|Any CPU
		Release|Any CPU = Release|Any CPU
	EndGlobalSection
	GlobalSection(ProjectConfigurationPlatforms) = postSolution
		{D5CA7206-584B-4B50-8EE8-3EF83A6FE03E}.Debug|Any CPU.ActiveCfg = Debug|Any CPU
		{D5CA7206-584B-4B50-8EE8-3EF83A6FE03E}.Debug|Any CPU.Build.0 = Debug|Any CPU
		{D5CA7206-584B-4B50-8EE8-3EF83A6FE03E}.Release|Any CPU.ActiveCfg = Release|Any CPU
		{D5CA7206-584B-4B50-8EE8-3EF83A6FE03E}.Release|Any CPU.Build.0 = Release|Any CPU
		{1B4B1C34-A45C-44F3-A14C-04A27F792B26}.Debug|Any CPU.ActiveCfg = Debug|Any CPU
		{1B4B1C34-A45C-44F3-A14C-04A27F792B26}.Debug|Any CPU.Build.0 = Debug|Any CPU
		{1B4B1C34-A45C-44F3-A14C-04A27F792B26}.Release|Any CPU.ActiveCfg = Release|Any CPU
		{1B4B1C34-A45C-44F3-A14C-04A27F792B26}.Release|Any CPU.Build.0 = Release|Any CPU
		{9F14BE0B-D7D9-438F-A49D-A4B1260B76EF}.Debug|Any CPU.ActiveCfg = Debug|Any CPU
		{9F14BE0B-D7D9-438F-A49D-A4B1260B76EF}.Debug|Any CPU.Build.0 = Debug|Any CPU
		{9F14BE0B-D7D9-438F-A49D-A4B1260B76EF}.Release|Any CPU.ActiveCfg = Release|Any CPU
		{9F14BE0B-D7D9-438F-A49D-A4B1260B76EF}.Release|Any CPU.Build.0 = Release|Any CPU
		{60C30E6B-DEBF-4F47-8284-8DD12025375E}.Debug|Any CPU.ActiveCfg = Debug|Any CPU
		{60C30E6B-DEBF-4F47-8284-8DD12025375E}.Debug|Any CPU.Build.0 = Debug|Any CPU
		{60C30E6B-DEBF-4F47-8284-8DD12025375E}.Release|Any CPU.ActiveCfg = Release|Any CPU
		{60C30E6B-DEBF-4F47-8284-8DD12025375E}.Release|Any CPU.Build.0 = Release|Any CPU
		{F4CDC6B4-0781-48CC-A89A-34721F1B508D}.Debug|Any CPU.ActiveCfg = Debug|Any CPU
		{F4CDC6B4-0781-48CC-A89A-34721F1B508D}.Debug|Any CPU.Build.0 = Debug|Any CPU
		{F4CDC6B4-0781-48CC-A89A-34721F1B508D}.Release|Any CPU.ActiveCfg = Release|Any CPU
		{F4CDC6B4-0781-48CC-A89A-34721F1B508D}.Release|Any CPU.Build.0 = Release|Any CPU
		{35C21D04-899D-445D-916D-3D678CE81175}.Debug|Any CPU.ActiveCfg = Debug|Any CPU
		{35C21D04-899D-445D-916D-3D678CE81175}.Debug|Any CPU.Build.0 = Debug|Any CPU
		{35C21D04-899D-445D-916D-3D678CE81175}.Release|Any CPU.ActiveCfg = Release|Any CPU
		{35C21D04-899D-445D-916D-3D678CE81175}.Release|Any CPU.Build.0 = Release|Any CPU
		{87B53DF7-9FC1-419E-A75C-4D7CA36049F8}.Debug|Any CPU.ActiveCfg = Debug|Any CPU
		{87B53DF7-9FC1-419E-A75C-4D7CA36049F8}.Debug|Any CPU.Build.0 = Debug|Any CPU
		{87B53DF7-9FC1-419E-A75C-4D7CA36049F8}.Release|Any CPU.ActiveCfg = Release|Any CPU
		{87B53DF7-9FC1-419E-A75C-4D7CA36049F8}.Release|Any CPU.Build.0 = Release|Any CPU
	EndGlobalSection
	GlobalSection(NestedProjects) = preSolution
		{D5CA7206-584B-4B50-8EE8-3EF83A6FE03E} = {624AF939-A57F-458E-92CE-9D303D2C9026}
		{F4CDC6B4-0781-48CC-A89A-34721F1B508D} = {85ED2555-5EB1-4E7F-9A7E-DE10A32C93A9}
		{87B53DF7-9FC1-419E-A75C-4D7CA36049F8} = {85ED2555-5EB1-4E7F-9A7E-DE10A32C93A9}
		{9F14BE0B-D7D9-438F-A49D-A4B1260B76EF} = {A86EA3D7-1829-4571-A5B8-F811300339FF}
		{1B4B1C34-A45C-44F3-A14C-04A27F792B26} = {A86EA3D7-1829-4571-A5B8-F811300339FF}
		{60C30E6B-DEBF-4F47-8284-8DD12025375E} = {A86EA3D7-1829-4571-A5B8-F811300339FF}
		{35C21D04-899D-445D-916D-3D678CE81175} = {A86EA3D7-1829-4571-A5B8-F811300339FF}
	EndGlobalSection
EndGlobal
